<?xml version="1.0" encoding="UTF-8" standalone="yes" ?>
<CodeBlocks_project_file>
	<FileVersion major="1" minor="6" />
	<Project>
		<Option title="LibMagic" />
		<Option pch_mode="2" />
		<Option compiler="gcc" />
		<Build>
			<Target title="Debug">
				<Option output="bin/Debug/libmagic-5" imp_lib="$(TARGET_OUTPUT_DIR)$(TARGET_OUTPUT_BASENAME).a" def_file="$(TARGET_OUTPUT_DIR)$(TARGET_OUTPUT_BASENAME).def" prefix_auto="0" extension_auto="1" />
				<Option object_output="obj/Debug/" />
				<Option type="3" />
				<Option compiler="gcc" />
				<Option createDefFile="1" />
				<Option createStaticLib="1" />
				<Compiler>
					<Add option="-g" />
				</Compiler>
			</Target>
			<Target title="Release">
				<Option output="bin/Release/LibMagic" imp_lib="$(TARGET_OUTPUT_DIR)$(TARGET_OUTPUT_BASENAME).a" def_file="$(TARGET_OUTPUT_DIR)$(TARGET_OUTPUT_BASENAME).def" prefix_auto="1" extension_auto="1" />
				<Option object_output="obj/Release/" />
				<Option type="3" />
				<Option compiler="gcc" />
				<Compiler>
					<Add option="-O2" />
				</Compiler>
				<Linker>
					<Add option="-s" />
				</Linker>
			</Target>
		</Build>
		<Compiler>
			<Add option="-Wall" />
			<Add option="-DHAVE_CONFIG_H" />
			<Add option="-DUNICODE" />
			<Add option="-D_REGEX_RE_COMP" />
			<Add directory="." />
			<Add directory="../regex" />
		</Compiler>
		<Linker>
			<Add library="shlwapi" />
		</Linker>
		<Unit filename="../regex/lib/localcharset.c">
			<Option compilerVar="CC" />
		</Unit>
		<Unit filename="../regex/lib/regex.c">
			<Option compilerVar="CC" />
		</Unit>
		<Unit filename="../regex/lib/regex_config.h" />
		<Unit filename="../src/apprentice.c">
			<Option compilerVar="CC" />
		</Unit>
		<Unit filename="../src/apptype.c">
			<Option compilerVar="CC" />
		</Unit>
		<Unit filename="../src/ascmagic.c">
			<Option compilerVar="CC" />
		</Unit>
		<Unit filename="../src/asctime_r.c">
			<Option compilerVar="CC" />
		</Unit>
		<Unit filename="../src/asprintf.c">
			<Option compilerVar="CC" />
		</Unit>
		<Unit filename="../src/cdf.c">
			<Option compilerVar="CC" />
		</Unit>
		<Unit filename="../src/cdf.h" />
		<Unit filename="../src/cdf_time.c">
			<Option compilerVar="CC" />
		</Unit>
		<Unit filename="../src/compress.c">
			<Option compilerVar="CC" />
		</Unit>
		<Unit filename="../src/ctime_r.c">
			<Option compilerVar="CC" />
		</Unit>
		<Unit filename="../src/elfclass.h" />
		<Unit filename="../src/encoding.c">
			<Option compilerVar="CC" />
		</Unit>
		<Unit filename="../src/file.h" />
		<Unit filename="../src/fmtcheck.c">
			<Option compilerVar="CC" />
		</Unit>
		<Unit filename="../src/fsmagic.c">
			<Option compilerVar="CC" />
		</Unit>
		<Unit filename="../src/funcs.c">
			<Option compilerVar="CC" />
		</Unit>
		<Unit filename="../src/getline.c">
			<Option compilerVar="CC" />
		</Unit>
		<Unit filename="../src/is_tar.c">
			<Option compilerVar="CC" />
		</Unit>
		<Unit filename="../src/magic.c">
			<Option compilerVar="CC" />
		</Unit>
		<Unit filename="../src/msutils.c">
			<Option compilerVar="CC" />
		</Unit>
		<Unit filename="../src/pread.c">
			<Option compilerVar="CC" />
		</Unit>
		<Unit filename="../src/print.c">
			<Option compilerVar="CC" />
		</Unit>
		<Unit filename="../src/readcdf.c">
			<Option compilerVar="CC" />
		</Unit>
		<Unit filename="../src/readelf.c">
			<Option compilerVar="CC" />
		</Unit>
		<Unit filename="../src/readelf.h" />
		<Unit filename="../src/softmagic.c">
			<Option compilerVar="CC" />
		</Unit>
		<Unit filename="../src/strcasestr.c">
			<Option compilerVar="CC" />
		</Unit>
		<Unit filename="../src/strlcpy.c">
			<Option compilerVar="CC" />
		</Unit>
		<Unit filename="../src/tar.h" />
		<Unit filename="../src/vasprintf.c">
			<Option compilerVar="CC" />
		</Unit>
		<Unit filename="config.h" />
		<Unit filename="magic.h" />
		<Extensions>
			<code_completion />
			<envvars />
			<debugger />
			<lib_finder disable_auto="1" />
		</Extensions>
	</Project>
</CodeBlocks_project_file>
